<?xml version="1.0" encoding="utf-8"?>
<Project ToolsVersion="4.0" xmlns="http://schemas.microsoft.com/developer/msbuild/2003">
  <ItemGroup>
    <Filter Include="File di origine">
      <UniqueIdentifier>{4FC737F1-C7A5-4376-A066-2A32D752A2FF}</UniqueIdentifier>
      <Extensions>cpp;c;cc;cxx;def;odl;idl;hpj;bat;asm;asmx</Extensions>
    </Filter>
    <Filter Include="File di intestazione">
      <UniqueIdentifier>{93995380-89BD-4b04-88EB-625FBE52EBFB}</UniqueIdentifier>
      <Extensions>h;hh;hpp;hxx;hm;inl;inc;ipp;xsd</Extensions>
    </Filter>
    <Filter Include="File di risorse">
      <UniqueIdentifier>{67DA6AB6-F800-4c08-8B7A-83BB121AAD01}</UniqueIdentifier>
      <Extensions>rc;ico;cur;bmp;dlg;rc2;rct;bin;rgs;gif;jpg;jpeg;jpe;resx;tiff;tif;png;wav;mfcribbon-ms</Extensions>
    </Filter>
    <Filter Include="read_tsp_utils">
      <UniqueIdentifier>{7ed05905-a54b-453a-96ec-204e704dc918}</UniqueIdentifier>
    </Filter>
    <Filter Include="path_utils">
      <UniqueIdentifier>{c980076f-87b8-402e-90f6-71b2e0dde0af}</UniqueIdentifier>
    </Filter>
  </ItemGroup>
  <ItemGroup>
    <ClInclude Include="shared\DistanceMatrix.h">
      <Filter>File di intestazione</Filter>
    </ClInclude>
    <ClInclude Include="shared\Matrix.h">
      <Filter>File di intestazione</Filter>
    </ClInclude>
    <ClInclude Include="shared\read_tsp_file.h">
      <Filter>File di intestazione</Filter>
    </ClInclude>
    <ClInclude Include="shared\stopwatch.h">
      <Filter>File di intestazione</Filter>
    </ClInclude>
    <ClInclude Include="shared\read_tsp_utils\EdgeWeightType.h">
      <Filter>read_tsp_utils</Filter>
    </ClInclude>
    <ClInclude Include="shared\read_tsp_utils\euclidean_distance.h">
      <Filter>read_tsp_utils</Filter>
    </ClInclude>
    <ClInclude Include="shared\read_tsp_utils\EuclideanPointReader.h">
      <Filter>read_tsp_utils</Filter>
    </ClInclude>
    <ClInclude Include="shared\read_tsp_utils\point.h">
      <Filter>read_tsp_utils</Filter>
    </ClInclude>
    <ClInclude Include="shared\read_tsp_utils\point_reader_factory.h">
      <Filter>read_tsp_utils</Filter>
    </ClInclude>
    <ClInclude Include="shared\read_tsp_utils\PointReader.h">
      <Filter>read_tsp_utils</Filter>
    </ClInclude>
    <ClInclude Include="shared\read_tsp_utils\utils.h">
      <Filter>read_tsp_utils</Filter>
    </ClInclude>
    <ClInclude Include="shared\path_utils\PermutationPath.h">
      <Filter>path_utils</Filter>
    </ClInclude>
    <ClInclude Include="shared\path_utils\utils.h">
      <Filter>path_utils</Filter>
    </ClInclude>
  </ItemGroup>
</Project>